// !$*UTF8*$!
{
	archiveVersion = 1;
	classes = {
	};
	objectVersion = 46;
	objects = {

/* Begin PBXBuildFile section */
		686ED4051E23588800880227 /* main.m in Sources */ = {isa = PBXBuildFile; fileRef = 686ED4041E23588800880227 /* main.m */; };
		686ED4081E23588800880227 /* AppDelegate.m in Sources */ = {isa = PBXBuildFile; fileRef = 686ED4071E23588800880227 /* AppDelegate.m */; };
		686ED40B1E23588800880227 /* ViewController.m in Sources */ = {isa = PBXBuildFile; fileRef = 686ED40A1E23588800880227 /* ViewController.m */; };
		686ED40E1E23588800880227 /* Main.storyboard in Resources */ = {isa = PBXBuildFile; fileRef = 686ED40C1E23588800880227 /* Main.storyboard */; };
		686ED4101E23588800880227 /* Assets.xcassets in Resources */ = {isa = PBXBuildFile; fileRef = 686ED40F1E23588800880227 /* Assets.xcassets */; };
		686ED4131E23588800880227 /* LaunchScreen.storyboard in Resources */ = {isa = PBXBuildFile; fileRef = 686ED4111E23588800880227 /* LaunchScreen.storyboard */; };
		686ED41C1E2358B400880227 /* PBTimeSelectView.m in Sources */ = {isa = PBXBuildFile; fileRef = 686ED41B1E2358B400880227 /* PBTimeSelectView.m */; };
/* End PBXBuildFile section */

/* Begin PBXFileReference section */
		686ED4001E23588800880227 /* PBTimeSelectView.app */ = {isa = PBXFileReference; explicitFileType = wrapper.application; includeInIndex = 0; path = PBTimeSelectView.app; sourceTree = BUILT_PRODUCTS_DIR; };
		686ED4041E23588800880227 /* main.m */ = {isa = PBXFileReference; lastKnownFileType = sourcecode.c.objc; path = main.m; sourceTree = "<group>"; };
		686ED4061E23588800880227 /* AppDelegate.h */ = {isa = PBXFileReference; lastKnownFileType = sourcecode.c.h; path = AppDelegate.h; sourceTree = "<group>"; };
		686ED4071E23588800880227 /* AppDelegate.m */ = {isa = PBXFileReference; lastKnownFileType = sourcecode.c.objc; path = AppDelegate.m; sourceTree = "<group>"; };
		686ED4091E23588800880227 /* ViewController.h */ = {isa = PBXFileReference; lastKnownFileType = sourcecode.c.h; path = ViewController.h; sourceTree = "<group>"; };
		686ED40A1E23588800880227 /* ViewController.m */ = {isa = PBXFileReference; lastKnownFileType = sourcecode.c.objc; path = ViewController.m; sourceTree = "<group>"; };
		686ED40D1E23588800880227 /* Base */ = {isa = PBXFileReference; lastKnownFileType = file.storyboard; name = Base; path = Base.lproj/Main.storyboard; sourceTree = "<group>"; };
		686ED40F1E23588800880227 /* Assets.xcassets */ = {isa = PBXFileReference; lastKnownFileType = folder.assetcatalog; path = Assets.xcassets; sourceTree = "<group>"; };
		686ED4121E23588800880227 /* Base */ = {isa = PBXFileReference; lastKnownFileType = file.storyboard; name = Base; path = Base.lproj/LaunchScreen.storyboard; sourceTree = "<group>"; };
		686ED4141E23588800880227 /* Info.plist */ = {isa = PBXFileReference; lastKnownFileType = text.plist.xml; path = Info.plist; sourceTree = "<group>"; };
		686ED41A1E2358B400880227 /* PBTimeSelectView.h */ = {isa = PBXFileReference; fileEncoding = 4; lastKnownFileType = sourcecode.c.h; path = PBTimeSelectView.h; sourceTree = "<group>"; };
		686ED41B1E2358B400880227 /* PBTimeSelectView.m */ = {isa = PBXFileReference; fileEncoding = 4; lastKnownFileType = sourcecode.c.objc; path = PBTimeSelectView.m; sourceTree = "<group>"; };
/* End PBXFileReference section */

/* Begin PBXFrameworksBuildPhase section */
		686ED3FD1E23588800880227 /* Frameworks */ = {
			isa = PBXFrameworksBuildPhase;
			buildActionMask = 2147483647;
			files = (
			);
			runOnlyForDeploymentPostprocessing = 0;
		};
/* End PBXFrameworksBuildPhase section */

/* Begin PBXGroup section */
		686ED3F71E23588800880227 = {
			isa = PBXGroup;
			children = (
				686ED4021E23588800880227 /* PBTimeSelectView */,
				686ED4011E23588800880227 /* Products */,
			);
			sourceTree = "<group>";
		};
		686ED4011E23588800880227 /* Products */ = {
			isa = PBXGroup;
			children = (
				686ED4001E23588800880227 /* PBTimeSelectView.app */,
			);
			name = Products;
			sourceTree = "<group>";
		};
		686ED4021E23588800880227 /* PBTimeSelectView */ = {
			isa = PBXGroup;
			children = (
				686ED41A1E2358B400880227 /* PBTimeSelectView.h */,
				686ED41B1E2358B400880227 /* PBTimeSelectView.m */,
				686ED4061E23588800880227 /* AppDelegate.h */,
				686ED4071E23588800880227 /* AppDelegate.m */,
				686ED4091E23588800880227 /* ViewController.h */,
				686ED40A1E23588800880227 /* ViewController.m */,
				686ED40C1E23588800880227 /* Main.storyboard */,
				686ED40F1E23588800880227 /* Assets.xcassets */,
				686ED4111E23588800880227 /* LaunchScreen.storyboard */,
				686ED4141E23588800880227 /* Info.plist */,
				686ED4031E23588800880227 /* Supporting Files */,
			);
			path = PBTimeSelectView;
			sourceTree = "<group>";
		};
		686ED4031E23588800880227 /* Supporting Files */ = {
			isa = PBXGroup;
			children = (
				686ED4041E23588800880227 /* main.m */,
			);
			name = "Supporting Files";
			sourceTree = "<group>";
		};
/* End PBXGroup section */

/* Begin PBXNativeTarget section */
		686ED3FF1E23588800880227 /* PBTimeSelectView */ = {
			isa = PBXNativeTarget;
			buildConfigurationList = 686ED4171E23588800880227 /* Build configuration list for PBXNativeTarget "PBTimeSelectView" */;
			buildPhases = (
				686ED3FC1E23588800880227 /* Sources */,
				686ED3FD1E23588800880227 /* Frameworks */,
				686ED3FE1E23588800880227 /* Resources */,
			);
			buildRules = (
			);
			dependencies = (
			);
			name = PBTimeSelectView;
			productName = PBTimeSelectView;
			productReference = 686ED4001E23588800880227 /* PBTimeSelectView.app */;
			productType = "com.apple.product-type.application";
		};
/* End PBXNativeTarget section */

/* Begin PBXProject section */
		686ED3F81E23588800880227 /* Project object */ = {
			isa = PBXProject;
			attributes = {
				LastUpgradeCheck = 0820;
				ORGANIZATIONNAME = ywkj;
				TargetAttributes = {
					686ED3FF1E23588800880227 = {
						CreatedOnToolsVersion = 8.2;
						DevelopmentTeam = 4QHCS2PLKR;
						ProvisioningStyle = Automatic;
					};
				};
			};
			buildConfigurationList = 686ED3FB1E23588800880227 /* Build configuration list for PBXProject "PBTimeSelectView" */;
			compatibilityVersion = "Xcode 3.2";
			developmentRegion = English;
			hasScannedForEncodings = 0;
			knownRegions = (
				en,
				Base,
			);
			mainGroup = 686ED3F71E23588800880227;
			productRefGroup = 686ED4011E23588800880227 /* Products */;
			projectDirPath = "";
			projectRoot = "";
			targets = (
				686ED3FF1E23588800880227 /* PBTimeSelectView */,
			);
		};
/* End PBXProject section */

/* Begin PBXResourcesBuildPhase section */
		686ED3FE1E23588800880227 /* Resources */ = {
			isa = PBXResourcesBuildPhase;
			buildActionMask = 2147483647;
			files = (
				686ED4131E23588800880227 /* LaunchScreen.storyboard in Resources */,
				686ED4101E23588800880227 /* Assets.xcassets in Resources */,
				686ED40E1E23588800880227 /* Main.storyboard in Resources */,
			);
			runOnlyForDeploymentPostprocessing = 0;
		};
/* End PBXResourcesBuildPhase section */

/* Begin PBXSourcesBuildPhase section */
		686ED3FC1E23588800880227 /* Sources */ = {
			isa = PBXSourcesBuildPhase;
			buildActionMask = 2147483647;
			files = (
				686ED40B1E23588800880227 /* ViewController.m in Sources */,
				686ED41C1E2358B400880227 /* PBTimeSelectView.m in Sources */,
				686ED4081E23588800880227 /* AppDelegate.m in Sources */,
				686ED4051E23588800880227 /* main.m in Sources */,
			);
			runOnlyForDeploymentPostprocessing = 0;
		};
/* End PBXSourcesBuildPhase section */

/* Begin PBXVariantGroup section */
		686ED40C1E23588800880227 /* Main.storyboard */ = {
			isa = PBXVariantGroup;
			children = (
				686ED40D1E23588800880227 /* Base */,
			);
			name = Main.storyboard;
			sourceTree = "<group>";
		};
		686ED4111E23588800880227 /* LaunchScreen.storyboard */ = {
			isa = PBXVariantGroup;
			children = (
				686ED4121E23588800880227 /* Base */,
			);
			name = LaunchScreen.storyboard;
			sourceTree = "<group>";
		};
/* End PBXVariantGroup section */

/* Begin XCBuildConfiguration section */
		686ED4151E23588800880227 /* Debug */ = {
			isa = XCBuildConfiguration;
			buildSettings = {
				ALWAYS_SEARCH_USER_PATHS = NO;
				CLANG_ANALYZER_NONNULL = YES;
				CLANG_CXX_LANGUAGE_STANDARD = "gnu++0x";
				CLANG_CXX_LIBRARY = "libc++";
				CLANG_ENABLE_MODULES = YES;
				CLANG_ENABLE_OBJC_ARC = YES;
				CLANG_WARN_BOOL_CONVERSION = YES;
				CLANG_WARN_CONSTANT_CONVERSION = YES;
				CLANG_WARN_DIRECT_OBJC_ISA_USAGE = YES_ERROR;
				CLANG_WARN_DOCUMENTATION_COMMENTS = YES;
				CLANG_WARN_EMPTY_BODY = YES;
				CLANG_WARN_ENUM_CONVERSION = YES;
				CLANG_WARN_INFINITE_RECURSION = YES;
				CLANG_WARN_INT_CONVERSION = YES;
				CLANG_WARN_OBJC_ROOT_CLASS = YES_ERROR;
				CLANG_WARN_SUSPICIOUS_MOVE = YES;
				CLANG_WARN_UNREACHABLE_CODE = YES;
				CLANG_WARN__DUPLICATE_METHOD_MATCH = YES;
				"CODE_SIGN_IDENTITY[sdk=iphoneos*]" = "iPhone Developer";
				COPY_PHASE_STRIP = NO;
				DEBUG_INFORMATION_FORMAT = dwarf;
				ENABLE_STRICT_OBJC_MSGSEND = YES;
				ENABLE_TESTABILITY = YES;
				GCC_C_LANGUAGE_STANDARD = gnu99;
				GCC_DYNAMIC_NO_PIC = NO;
				GCC_NO_COMMON_BLOCKS = YES;
				GCC_OPTIMIZATION_LEVEL = 0;
				GCC_PREPROCESSOR_DEFINITIONS = (
					"DEBUG=1",
					"$(inherited)",
				);
				GCC_WARN_64_TO_32_BIT_CONVERSION = YES;
				GCC_WARN_ABOUT_RETURN_TYPE = YES_ERROR;
				GCC_WARN_UNDECLARED_SELECTOR = YES;
				GCC_WARN_UNINITIALIZED_AUTOS = YES_AGGRESSIVE;
				GCC_WARN_UNUSED_FUNCTION = YES;
				GCC_WARN_UNUSED_VARIABLE = YES;
				IPHONEOS_DEPLOYMENT_TARGET = 10.2;
				MTL_ENABLE_DEBUG_INFO = YES;
				ONLY_ACTIVE_ARCH = YES;
				SDKROOT = iphoneos;
				TARGETED_DEVICE_FAMILY = "1,2";
			};
			name = Debug;
		};
		686ED4161E23588800880227 /* Release */ = {
			isa = XCBuildConfiguration;
			buildSettings = {
				ALWAYS_SEARCH_USER_PATHS = NO;
				CLANG_ANALYZER_NONNULL = YES;
				CLANG_CXX_LANGUAGE_STANDARD = "gnu++0x";
				CLANG_CXX_LIBRARY = "libc++";
				CLANG_ENABLE_MODULES = YES;
				CLANG_ENABLE_OBJC_ARC = YES;
				CLANG_WARN_BOOL_CONVERSION = YES;
				CLANG_WARN_CONSTANT_CONVERSION = YES;
				CLANG_WARN_DIRECT_OBJC_ISA_USAGE = YES_ERROR;
				CLANG_WARN_DOCUMENTATION_COMMENTS = YES;
				CLANG_WARN_EMPTY_BODY = YES;
				CLANG_WARN_ENUM_CONVERSION = YES;
				CLANG_WARN_INFINITE_RECURSION = YES;
				CLANG_WARN_INT_CONVERSION = YES;
				CLANG_WARN_OBJC_ROOT_CLASS = YES_ERROR;
				CLANG_WARN_SUSPICIOUS_MOVE = YES;
				CLANG_WARN_UNREACHABLE_CODE = YES;
				CLANG_WARN__DUPLICATE_METHOD_MATCH = YES;
				"CODE_SIGN_IDENTITY[sdk=iphoneos*]" = "iPhone Developer";
				COPY_PHASE_STRIP = NO;
				DEBUG_INFORMATION_FORMAT = "dwarf-with-dsym";
				ENABLE_NS_ASSERTIONS = NO;
				ENABLE_STRICT_OBJC_MSGSEND = YES;
				GCC_C_LANGUAGE_STANDARD = gnu99;
				GCC_NO_COMMON_BLOCKS = YES;
				GCC_WARN_64_TO_32_BIT_CONVERSION = YES;
				GCC_WARN_ABOUT_RETURN_TYPE = YES_ERROR;
				GCC_WARN_UNDECLARED_SELECTOR = YES;
				GCC_WARN_UNINITIALIZED_AUTOS = YES_AGGRESSIVE;
				GCC_WARN_UNUSED_FUNCTION = YES;
				GCC_WARN_UNUSED_VARIABLE = YES;
				IPHONEOS_DEPLOYMENT_TARGET = 10.2;
				MTL_ENABLE_DEBUG_INFO = NO;
				SDKROOT = iphoneos;
				TARGETED_DEVICE_FAMILY = "1,2";
				VALIDATE_PRODUCT = YES;
			};
			name = Release;
		};
		686ED4181E23588800880227 /* Debug */ = {
			isa = XCBuildConfiguration;
			buildSettings = {
				ASSETCATALOG_COMPILER_APPICON_NAME = AppIcon;
				DEVELOPMENT_TEAM = 4QHCS2PLKR;
				INFOPLIST_FILE = PBTimeSelectView/Info.plist;
				IPHONEOS_DEPLOYMENT_TARGET = 9.0;
				LD_RUNPATH_SEARCH_PATHS = "$(inherited) @executable_path/Frameworks";
				PRODUCT_BUNDLE_IDENTIFIER = ywkj.PBTimeSelectView;
				PRODUCT_NAME = "$(TARGET_NAME)";
			};
			name = Debug;
		};
		686ED4191E23588800880227 /* Release */ = {
			isa = XCBuildConfiguration;
			buildSettings = {
				ASSETCATALOG_COMPILER_APPICON_NAME = AppIcon;
				DEVELOPMENT_TEAM = 4QHCS2PLKR;
				INFOPLIST_FILE = PBTimeSelectView/Info.plist;
				IPHONEOS_DEPLOYMENT_TARGET = 9.0;
				LD_RUNPATH_SEARCH_PATHS = "$(inherited) @executable_path/Frameworks";
				PRODUCT_BUNDLE_IDENTIFIER = ywkj.PBTimeSelectView;
				PRODUCT_NAME = "$(TARGET_NAME)";
			};
			name = Release;
		};
/* End XCBuildConfiguration section */

/* Begin XCConfigurationList section */
		686ED3FB1E23588800880227 /* Build configuration list for PBXProject "PBTimeSelectView" */ = {
			isa = XCConfigurationList;
			buildConfigurations = (
				686ED4151E23588800880227 /* Debug */,
				686ED4161E23588800880227 /* Release */,
			);
			defaultConfigurationIsVisible = 0;
			defaultConfigurationName = Release;
		};
		686ED4171E23588800880227 /* Build configuration list for PBXNativeTarget "PBTimeSelectView" */ = {
			isa = XCConfigurationList;
			buildConfigurations = (
				686ED4181E23588800880227 /* Debug */,
				686ED4191E23588800880227 /* Release */,
			);
			defaultConfigurationIsVisible = 0;
		};
/* End XCConfigurationList section */
	};
	rootObject = 686ED3F81E23588800880227 /* Project object */;
}
